// !$*UTF8*$!
{
	archiveVersion = 1;
	classes = {
	};
	objectVersion = 56;
	objects = {

/* Begin PBXBuildFile section */
		4AB2D4EB2ABA93EA0006AD91 /* assets in Resources */ = {isa = PBXBuildFile; fileRef = 4AB2D4EA2ABA93EA0006AD91 /* assets */; };
		4AB9BF232ABA83710083783A /* Assets.xcassets in Resources */ = {isa = PBXBuildFile; fileRef = 4AB9BF222ABA83710083783A /* Assets.xcassets */; };
		4AB9BF332ABA83710083783A /* _D_Game_EngineTests.m in Sources */ = {isa = PBXBuildFile; fileRef = 4AB9BF322ABA83710083783A /* _D_Game_EngineTests.m */; };
		4AB9BF3D2ABA83710083783A /* _D_Game_EngineUITests.m in Sources */ = {isa = PBXBuildFile; fileRef = 4AB9BF3C2ABA83710083783A /* _D_Game_EngineUITests.m */; };
		4AB9BF3F2ABA83710083783A /* _D_Game_EngineUITestsLaunchTests.m in Sources */ = {isa = PBXBuildFile; fileRef = 4AB9BF3E2ABA83710083783A /* _D_Game_EngineUITestsLaunchTests.m */; };
		4AB9BF522ABA84D80083783A /* game.cpp in Sources */ = {isa = PBXBuildFile; fileRef = 4AB9BF512ABA84D80083783A /* game.cpp */; };
		4AB9BF562ABA855F0083783A /* SDL2.framework in Frameworks */ = {isa = PBXBuildFile; fileRef = 4AB9BF552ABA855F0083783A /* SDL2.framework */; };
		4AB9BF572ABA855F0083783A /* SDL2.framework in Embed Frameworks */ = {isa = PBXBuildFile; fileRef = 4AB9BF552ABA855F0083783A /* SDL2.framework */; settings = {ATTRIBUTES = (CodeSignOnCopy, RemoveHeadersOnCopy, ); }; };
		4AB9BF5A2ABA889A0083783A /* SDL2_image.framework in Frameworks */ = {isa = PBXBuildFile; fileRef = 4AB9BF592ABA88990083783A /* SDL2_image.framework */; };
		4AB9BF5B2ABA889A0083783A /* SDL2_image.framework in Embed Frameworks */ = {isa = PBXBuildFile; fileRef = 4AB9BF592ABA88990083783A /* SDL2_image.framework */; settings = {ATTRIBUTES = (CodeSignOnCopy, RemoveHeadersOnCopy, ); }; };
		4AE26E512ABA980B00834B6F /* main.cpp in Sources */ = {isa = PBXBuildFile; fileRef = 4AE26E4F2ABA980B00834B6F /* main.cpp */; };
		4AE26E542ABAA67400834B6F /* textureManager.cpp in Sources */ = {isa = PBXBuildFile; fileRef = 4AE26E532ABAA67400834B6F /* textureManager.cpp */; };
/* End PBXBuildFile section */

/* Begin PBXContainerItemProxy section */
		4AB9BF2F2ABA83710083783A /* PBXContainerItemProxy */ = {
			isa = PBXContainerItemProxy;
			containerPortal = 4AB9BF142ABA836F0083783A /* Project object */;
			proxyType = 1;
			remoteGlobalIDString = 4AB9BF1B2ABA836F0083783A;
			remoteInfo = 2D_Game_Engine;
		};
		4AB9BF392ABA83710083783A /* PBXContainerItemProxy */ = {
			isa = PBXContainerItemProxy;
			containerPortal = 4AB9BF142ABA836F0083783A /* Project object */;
			proxyType = 1;
			remoteGlobalIDString = 4AB9BF1B2ABA836F0083783A;
			remoteInfo = 2D_Game_Engine;
		};
/* End PBXContainerItemProxy section */

/* Begin PBXCopyFilesBuildPhase section */
		4AB9BF582ABA855F0083783A /* Embed Frameworks */ = {
			isa = PBXCopyFilesBuildPhase;
			buildActionMask = 2147483647;
			dstPath = "";
			dstSubfolderSpec = 10;
			files = (
				4AB9BF572ABA855F0083783A /* SDL2.framework in Embed Frameworks */,
				4AB9BF5B2ABA889A0083783A /* SDL2_image.framework in Embed Frameworks */,
			);
			name = "Embed Frameworks";
			runOnlyForDeploymentPostprocessing = 0;
		};
/* End PBXCopyFilesBuildPhase section */

/* Begin PBXFileReference section */
		4AB2D4EA2ABA93EA0006AD91 /* assets */ = {isa = PBXFileReference; lastKnownFileType = folder; path = assets; sourceTree = "<group>"; };
		4AB9BF1C2ABA836F0083783A /* 2D_Game_Engine.app */ = {isa = PBXFileReference; explicitFileType = wrapper.application; includeInIndex = 0; path = 2D_Game_Engine.app; sourceTree = BUILT_PRODUCTS_DIR; };
		4AB9BF222ABA83710083783A /* Assets.xcassets */ = {isa = PBXFileReference; lastKnownFileType = folder.assetcatalog; path = Assets.xcassets; sourceTree = "<group>"; };
		4AB9BF292ABA83710083783A /* _D_Game_Engine.entitlements */ = {isa = PBXFileReference; lastKnownFileType = text.plist.entitlements; path = _D_Game_Engine.entitlements; sourceTree = "<group>"; };
		4AB9BF2E2ABA83710083783A /* 2D_Game_EngineTests.xctest */ = {isa = PBXFileReference; explicitFileType = wrapper.cfbundle; includeInIndex = 0; path = 2D_Game_EngineTests.xctest; sourceTree = BUILT_PRODUCTS_DIR; };
		4AB9BF322ABA83710083783A /* _D_Game_EngineTests.m */ = {isa = PBXFileReference; lastKnownFileType = sourcecode.c.objc; path = _D_Game_EngineTests.m; sourceTree = "<group>"; };
		4AB9BF382ABA83710083783A /* 2D_Game_EngineUITests.xctest */ = {isa = PBXFileReference; explicitFileType = wrapper.cfbundle; includeInIndex = 0; path = 2D_Game_EngineUITests.xctest; sourceTree = BUILT_PRODUCTS_DIR; };
		4AB9BF3C2ABA83710083783A /* _D_Game_EngineUITests.m */ = {isa = PBXFileReference; lastKnownFileType = sourcecode.c.objc; path = _D_Game_EngineUITests.m; sourceTree = "<group>"; };
		4AB9BF3E2ABA83710083783A /* _D_Game_EngineUITestsLaunchTests.m */ = {isa = PBXFileReference; lastKnownFileType = sourcecode.c.objc; path = _D_Game_EngineUITestsLaunchTests.m; sourceTree = "<group>"; };
		4AB9BF512ABA84D80083783A /* game.cpp */ = {isa = PBXFileReference; lastKnownFileType = sourcecode.cpp.cpp; path = game.cpp; sourceTree = "<group>"; };
		4AB9BF532ABA84E90083783A /* game.h */ = {isa = PBXFileReference; lastKnownFileType = sourcecode.c.h; path = game.h; sourceTree = "<group>"; };
		4AB9BF552ABA855F0083783A /* SDL2.framework */ = {isa = PBXFileReference; lastKnownFileType = wrapper.framework; path = SDL2.framework; sourceTree = "<group>"; };
		4AB9BF592ABA88990083783A /* SDL2_image.framework */ = {isa = PBXFileReference; lastKnownFileType = wrapper.framework; path = SDL2_image.framework; sourceTree = "<group>"; };
		4AE26E4F2ABA980B00834B6F /* main.cpp */ = {isa = PBXFileReference; lastKnownFileType = sourcecode.cpp.cpp; path = main.cpp; sourceTree = "<group>"; };
		4AE26E522ABAA5E500834B6F /* TextureManager.h */ = {isa = PBXFileReference; lastKnownFileType = sourcecode.c.h; path = TextureManager.h; sourceTree = "<group>"; };
		4AE26E532ABAA67400834B6F /* textureManager.cpp */ = {isa = PBXFileReference; lastKnownFileType = sourcecode.cpp.cpp; path = textureManager.cpp; sourceTree = "<group>"; };
/* End PBXFileReference section */

/* Begin PBXFrameworksBuildPhase section */
		4AB9BF192ABA836F0083783A /* Frameworks */ = {
			isa = PBXFrameworksBuildPhase;
			buildActionMask = 2147483647;
			files = (
				4AB9BF562ABA855F0083783A /* SDL2.framework in Frameworks */,
				4AB9BF5A2ABA889A0083783A /* SDL2_image.framework in Frameworks */,
			);
			runOnlyForDeploymentPostprocessing = 0;
		};
		4AB9BF2B2ABA83710083783A /* Frameworks */ = {
			isa = PBXFrameworksBuildPhase;
			buildActionMask = 2147483647;
			files = (
			);
			runOnlyForDeploymentPostprocessing = 0;
		};
		4AB9BF352ABA83710083783A /* Frameworks */ = {
			isa = PBXFrameworksBuildPhase;
			buildActionMask = 2147483647;
			files = (
			);
			runOnlyForDeploymentPostprocessing = 0;
		};
/* End PBXFrameworksBuildPhase section */

/* Begin PBXGroup section */
		4AB9BF132ABA836F0083783A = {
			isa = PBXGroup;
			children = (
				4AB2D4EA2ABA93EA0006AD91 /* assets */,
				4AB9BF1E2ABA836F0083783A /* 2D_Game_Engine */,
				4AB9BF312ABA83710083783A /* 2D_Game_EngineTests */,
				4AB9BF3B2ABA83710083783A /* 2D_Game_EngineUITests */,
				4AB9BF1D2ABA836F0083783A /* Products */,
				4AB9BF542ABA855E0083783A /* Frameworks */,
			);
			sourceTree = "<group>";
		};
		4AB9BF1D2ABA836F0083783A /* Products */ = {
			isa = PBXGroup;
			children = (
				4AB9BF1C2ABA836F0083783A /* 2D_Game_Engine.app */,
				4AB9BF2E2ABA83710083783A /* 2D_Game_EngineTests.xctest */,
				4AB9BF382ABA83710083783A /* 2D_Game_EngineUITests.xctest */,
			);
			name = Products;
			sourceTree = "<group>";
		};
		4AB9BF1E2ABA836F0083783A /* 2D_Game_Engine */ = {
			isa = PBXGroup;
			children = (
				4AB9BF222ABA83710083783A /* Assets.xcassets */,
				4AB9BF292ABA83710083783A /* _D_Game_Engine.entitlements */,
				4AB9BF512ABA84D80083783A /* game.cpp */,
				4AE26E522ABAA5E500834B6F /* TextureManager.h */,
				4AE26E532ABAA67400834B6F /* textureManager.cpp */,
				4AB9BF532ABA84E90083783A /* game.h */,
				4AE26E4F2ABA980B00834B6F /* main.cpp */,
			);
			path = 2D_Game_Engine;
			sourceTree = "<group>";
		};
		4AB9BF312ABA83710083783A /* 2D_Game_EngineTests */ = {
			isa = PBXGroup;
			children = (
				4AB9BF322ABA83710083783A /* _D_Game_EngineTests.m */,
			);
			path = 2D_Game_EngineTests;
			sourceTree = "<group>";
		};
		4AB9BF3B2ABA83710083783A /* 2D_Game_EngineUITests */ = {
			isa = PBXGroup;
			children = (
				4AB9BF3C2ABA83710083783A /* _D_Game_EngineUITests.m */,
				4AB9BF3E2ABA83710083783A /* _D_Game_EngineUITestsLaunchTests.m */,
			);
			path = 2D_Game_EngineUITests;
			sourceTree = "<group>";
		};
		4AB9BF542ABA855E0083783A /* Frameworks */ = {
			isa = PBXGroup;
			children = (
				4AB9BF592ABA88990083783A /* SDL2_image.framework */,
				4AB9BF552ABA855F0083783A /* SDL2.framework */,
			);
			name = Frameworks;
			sourceTree = "<group>";
		};
/* End PBXGroup section */

/* Begin PBXNativeTarget section */
		4AB9BF1B2ABA836F0083783A /* 2D_Game_Engine */ = {
			isa = PBXNativeTarget;
			buildConfigurationList = 4AB9BF422ABA83710083783A /* Build configuration list for PBXNativeTarget "2D_Game_Engine" */;
			buildPhases = (
				4AB9BF182ABA836F0083783A /* Sources */,
				4AB9BF192ABA836F0083783A /* Frameworks */,
				4AB9BF1A2ABA836F0083783A /* Resources */,
				4AB9BF582ABA855F0083783A /* Embed Frameworks */,
			);
			buildRules = (
			);
			dependencies = (
			);
			name = 2D_Game_Engine;
			productName = 2D_Game_Engine;
			productReference = 4AB9BF1C2ABA836F0083783A /* 2D_Game_Engine.app */;
			productType = "com.apple.product-type.application";
		};
		4AB9BF2D2ABA83710083783A /* 2D_Game_EngineTests */ = {
			isa = PBXNativeTarget;
			buildConfigurationList = 4AB9BF452ABA83710083783A /* Build configuration list for PBXNativeTarget "2D_Game_EngineTests" */;
			buildPhases = (
				4AB9BF2A2ABA83710083783A /* Sources */,
				4AB9BF2B2ABA83710083783A /* Frameworks */,
				4AB9BF2C2ABA83710083783A /* Resources */,
			);
			buildRules = (
			);
			dependencies = (
				4AB9BF302ABA83710083783A /* PBXTargetDependency */,
			);
			name = 2D_Game_EngineTests;
			productName = 2D_Game_EngineTests;
			productReference = 4AB9BF2E2ABA83710083783A /* 2D_Game_EngineTests.xctest */;
			productType = "com.apple.product-type.bundle.unit-test";
		};
		4AB9BF372ABA83710083783A /* 2D_Game_EngineUITests */ = {
			isa = PBXNativeTarget;
			buildConfigurationList = 4AB9BF482ABA83710083783A /* Build configuration list for PBXNativeTarget "2D_Game_EngineUITests" */;
			buildPhases = (
				4AB9BF342ABA83710083783A /* Sources */,
				4AB9BF352ABA83710083783A /* Frameworks */,
				4AB9BF362ABA83710083783A /* Resources */,
			);
			buildRules = (
			);
			dependencies = (
				4AB9BF3A2ABA83710083783A /* PBXTargetDependency */,
			);
			name = 2D_Game_EngineUITests;
			productName = 2D_Game_EngineUITests;
			productReference = 4AB9BF382ABA83710083783A /* 2D_Game_EngineUITests.xctest */;
			productType = "com.apple.product-type.bundle.ui-testing";
		};
/* End PBXNativeTarget section */

/* Begin PBXProject section */
		4AB9BF142ABA836F0083783A /* Project object */ = {
			isa = PBXProject;
			attributes = {
				BuildIndependentTargetsInParallel = 1;
				LastUpgradeCheck = 1430;
				TargetAttributes = {
					4AB9BF1B2ABA836F0083783A = {
						CreatedOnToolsVersion = 14.3.1;
					};
					4AB9BF2D2ABA83710083783A = {
						CreatedOnToolsVersion = 14.3.1;
						TestTargetID = 4AB9BF1B2ABA836F0083783A;
					};
					4AB9BF372ABA83710083783A = {
						CreatedOnToolsVersion = 14.3.1;
						TestTargetID = 4AB9BF1B2ABA836F0083783A;
					};
				};
			};
			buildConfigurationList = 4AB9BF172ABA836F0083783A /* Build configuration list for PBXProject "2D_Game_Engine" */;
			compatibilityVersion = "Xcode 14.0";
			developmentRegion = en;
			hasScannedForEncodings = 0;
			knownRegions = (
				en,
				Base,
			);
			mainGroup = 4AB9BF132ABA836F0083783A;
			productRefGroup = 4AB9BF1D2ABA836F0083783A /* Products */;
			projectDirPath = "";
			projectRoot = "";
			targets = (
				4AB9BF1B2ABA836F0083783A /* 2D_Game_Engine */,
				4AB9BF2D2ABA83710083783A /* 2D_Game_EngineTests */,
				4AB9BF372ABA83710083783A /* 2D_Game_EngineUITests */,
			);
		};
/* End PBXProject section */

/* Begin PBXResourcesBuildPhase section */
		4AB9BF1A2ABA836F0083783A /* Resources */ = {
			isa = PBXResourcesBuildPhase;
			buildActionMask = 2147483647;
			files = (
				4AB9BF232ABA83710083783A /* Assets.xcassets in Resources */,
				4AB2D4EB2ABA93EA0006AD91 /* assets in Resources */,
			);
			runOnlyForDeploymentPostprocessing = 0;
		};
		4AB9BF2C2ABA83710083783A /* Resources */ = {
			isa = PBXResourcesBuildPhase;
			buildActionMask = 2147483647;
			files = (
			);
			runOnlyForDeploymentPostprocessing = 0;
		};
		4AB9BF362ABA83710083783A /* Resources */ = {
			isa = PBXResourcesBuildPhase;
			buildActionMask = 2147483647;
			files = (
			);
			runOnlyForDeploymentPostprocessing = 0;
		};
/* End PBXResourcesBuildPhase section */

/* Begin PBXSourcesBuildPhase section */
		4AB9BF182ABA836F0083783A /* Sources */ = {
			isa = PBXSourcesBuildPhase;
			buildActionMask = 2147483647;
			files = (
				4AE26E542ABAA67400834B6F /* textureManager.cpp in Sources */,
				4AE26E512ABA980B00834B6F /* main.cpp in Sources */,
				4AB9BF522ABA84D80083783A /* game.cpp in Sources */,
			);
			runOnlyForDeploymentPostprocessing = 0;
		};
		4AB9BF2A2ABA83710083783A /* Sources */ = {
			isa = PBXSourcesBuildPhase;
			buildActionMask = 2147483647;
			files = (
				4AB9BF332ABA83710083783A /* _D_Game_EngineTests.m in Sources */,
			);
			runOnlyForDeploymentPostprocessing = 0;
		};
		4AB9BF342ABA83710083783A /* Sources */ = {
			isa = PBXSourcesBuildPhase;
			buildActionMask = 2147483647;
			files = (
				4AB9BF3D2ABA83710083783A /* _D_Game_EngineUITests.m in Sources */,
				4AB9BF3F2ABA83710083783A /* _D_Game_EngineUITestsLaunchTests.m in Sources */,
			);
			runOnlyForDeploymentPostprocessing = 0;
		};
/* End PBXSourcesBuildPhase section */

/* Begin PBXTargetDependency section */
		4AB9BF302ABA83710083783A /* PBXTargetDependency */ = {
			isa = PBXTargetDependency;
			target = 4AB9BF1B2ABA836F0083783A /* 2D_Game_Engine */;
			targetProxy = 4AB9BF2F2ABA83710083783A /* PBXContainerItemProxy */;
		};
		4AB9BF3A2ABA83710083783A /* PBXTargetDependency */ = {
			isa = PBXTargetDependency;
			target = 4AB9BF1B2ABA836F0083783A /* 2D_Game_Engine */;
			targetProxy = 4AB9BF392ABA83710083783A /* PBXContainerItemProxy */;
		};
/* End PBXTargetDependency section */

/* Begin XCBuildConfiguration section */
		4AB9BF402ABA83710083783A /* Debug */ = {
			isa = XCBuildConfiguration;
			buildSettings = {
				ALWAYS_SEARCH_USER_PATHS = NO;
				CLANG_ANALYZER_NONNULL = YES;
				CLANG_ANALYZER_NUMBER_OBJECT_CONVERSION = YES_AGGRESSIVE;
				CLANG_CXX_LANGUAGE_STANDARD = "gnu++20";
				CLANG_ENABLE_MODULES = YES;
				CLANG_ENABLE_OBJC_ARC = YES;
				CLANG_ENABLE_OBJC_WEAK = YES;
				CLANG_WARN_BLOCK_CAPTURE_AUTORELEASING = YES;
				CLANG_WARN_BOOL_CONVERSION = YES;
				CLANG_WARN_COMMA = YES;
				CLANG_WARN_CONSTANT_CONVERSION = YES;
				CLANG_WARN_DEPRECATED_OBJC_IMPLEMENTATIONS = YES;
				CLANG_WARN_DIRECT_OBJC_ISA_USAGE = YES_ERROR;
				CLANG_WARN_DOCUMENTATION_COMMENTS = YES;
				CLANG_WARN_EMPTY_BODY = YES;
				CLANG_WARN_ENUM_CONVERSION = YES;
				CLANG_WARN_INFINITE_RECURSION = YES;
				CLANG_WARN_INT_CONVERSION = YES;
				CLANG_WARN_NON_LITERAL_NULL_CONVERSION = YES;
				CLANG_WARN_OBJC_IMPLICIT_RETAIN_SELF = YES;
				CLANG_WARN_OBJC_LITERAL_CONVERSION = YES;
				CLANG_WARN_OBJC_ROOT_CLASS = YES_ERROR;
				CLANG_WARN_QUOTED_INCLUDE_IN_FRAMEWORK_HEADER = YES;
				CLANG_WARN_RANGE_LOOP_ANALYSIS = YES;
				CLANG_WARN_STRICT_PROTOTYPES = YES;
				CLANG_WARN_SUSPICIOUS_MOVE = YES;
				CLANG_WARN_UNGUARDED_AVAILABILITY = YES_AGGRESSIVE;
				CLANG_WARN_UNREACHABLE_CODE = YES;
				CLANG_WARN__DUPLICATE_METHOD_MATCH = YES;
				COPY_PHASE_STRIP = NO;
				DEBUG_INFORMATION_FORMAT = dwarf;
				ENABLE_STRICT_OBJC_MSGSEND = YES;
				ENABLE_TESTABILITY = YES;
				GCC_C_LANGUAGE_STANDARD = gnu11;
				GCC_DYNAMIC_NO_PIC = NO;
				GCC_NO_COMMON_BLOCKS = YES;
				GCC_OPTIMIZATION_LEVEL = 0;
				GCC_PREPROCESSOR_DEFINITIONS = (
					"DEBUG=1",
					"$(inherited)",
				);
				GCC_WARN_64_TO_32_BIT_CONVERSION = YES;
				GCC_WARN_ABOUT_RETURN_TYPE = YES_ERROR;
				GCC_WARN_UNDECLARED_SELECTOR = YES;
				GCC_WARN_UNINITIALIZED_AUTOS = YES_AGGRESSIVE;
				GCC_WARN_UNUSED_FUNCTION = YES;
				GCC_WARN_UNUSED_VARIABLE = YES;
				MACOSX_DEPLOYMENT_TARGET = 13.3;
				MTL_ENABLE_DEBUG_INFO = INCLUDE_SOURCE;
				MTL_FAST_MATH = YES;
				ONLY_ACTIVE_ARCH = YES;
				SDKROOT = macosx;
			};
			name = Debug;
		};
		4AB9BF412ABA83710083783A /* Release */ = {
			isa = XCBuildConfiguration;
			buildSettings = {
				ALWAYS_SEARCH_USER_PATHS = NO;
				CLANG_ANALYZER_NONNULL = YES;
				CLANG_ANALYZER_NUMBER_OBJECT_CONVERSION = YES_AGGRESSIVE;
				CLANG_CXX_LANGUAGE_STANDARD = "gnu++20";
				CLANG_ENABLE_MODULES = YES;
				CLANG_ENABLE_OBJC_ARC = YES;
				CLANG_ENABLE_OBJC_WEAK = YES;
				CLANG_WARN_BLOCK_CAPTURE_AUTORELEASING = YES;
				CLANG_WARN_BOOL_CONVERSION = YES;
				CLANG_WARN_COMMA = YES;
				CLANG_WARN_CONSTANT_CONVERSION = YES;
				CLANG_WARN_DEPRECATED_OBJC_IMPLEMENTATIONS = YES;
				CLANG_WARN_DIRECT_OBJC_ISA_USAGE = YES_ERROR;
				CLANG_WARN_DOCUMENTATION_COMMENTS = YES;
				CLANG_WARN_EMPTY_BODY = YES;
				CLANG_WARN_ENUM_CONVERSION = YES;
				CLANG_WARN_INFINITE_RECURSION = YES;
				CLANG_WARN_INT_CONVERSION = YES;
				CLANG_WARN_NON_LITERAL_NULL_CONVERSION = YES;
				CLANG_WARN_OBJC_IMPLICIT_RETAIN_SELF = YES;
				CLANG_WARN_OBJC_LITERAL_CONVERSION = YES;
				CLANG_WARN_OBJC_ROOT_CLASS = YES_ERROR;
				CLANG_WARN_QUOTED_INCLUDE_IN_FRAMEWORK_HEADER = YES;
				CLANG_WARN_RANGE_LOOP_ANALYSIS = YES;
				CLANG_WARN_STRICT_PROTOTYPES = YES;
				CLANG_WARN_SUSPICIOUS_MOVE = YES;
				CLANG_WARN_UNGUARDED_AVAILABILITY = YES_AGGRESSIVE;
				CLANG_WARN_UNREACHABLE_CODE = YES;
				CLANG_WARN__DUPLICATE_METHOD_MATCH = YES;
				COPY_PHASE_STRIP = NO;
				DEBUG_INFORMATION_FORMAT = "dwarf-with-dsym";
				ENABLE_NS_ASSERTIONS = NO;
				ENABLE_STRICT_OBJC_MSGSEND = YES;
				GCC_C_LANGUAGE_STANDARD = gnu11;
				GCC_NO_COMMON_BLOCKS = YES;
				GCC_WARN_64_TO_32_BIT_CONVERSION = YES;
				GCC_WARN_ABOUT_RETURN_TYPE = YES_ERROR;
				GCC_WARN_UNDECLARED_SELECTOR = YES;
				GCC_WARN_UNINITIALIZED_AUTOS = YES_AGGRESSIVE;
				GCC_WARN_UNUSED_FUNCTION = YES;
				GCC_WARN_UNUSED_VARIABLE = YES;
				MACOSX_DEPLOYMENT_TARGET = 13.3;
				MTL_ENABLE_DEBUG_INFO = NO;
				MTL_FAST_MATH = YES;
				SDKROOT = macosx;
			};
			name = Release;
		};
		4AB9BF432ABA83710083783A /* Debug */ = {
			isa = XCBuildConfiguration;
			buildSettings = {
				ASSETCATALOG_COMPILER_APPICON_NAME = AppIcon;
				ASSETCATALOG_COMPILER_GLOBAL_ACCENT_COLOR_NAME = AccentColor;
				CODE_SIGN_ENTITLEMENTS = 2D_Game_Engine/_D_Game_Engine.entitlements;
				CODE_SIGN_STYLE = Automatic;
				COMBINE_HIDPI_IMAGES = YES;
				CURRENT_PROJECT_VERSION = 1;
				FRAMEWORK_SEARCH_PATHS = (
					"$(inherited)",
					"$(PROJECT_DIR)",
				);
				GENERATE_INFOPLIST_FILE = YES;
				INFOPLIST_KEY_NSHumanReadableCopyright = "";
				INFOPLIST_KEY_NSMainNibFile = MainMenu;
				INFOPLIST_KEY_NSPrincipalClass = NSApplication;
				LD_RUNPATH_SEARCH_PATHS = (
					"$(inherited)",
					"@executable_path/../Frameworks",
				);
				MARKETING_VERSION = 1.0;
				PRODUCT_BUNDLE_IDENTIFIER = "hunter.-D-Game-Engine";
				PRODUCT_NAME = "$(TARGET_NAME)";
				SWIFT_EMIT_LOC_STRINGS = YES;
			};
			name = Debug;
		};
		4AB9BF442ABA83710083783A /* Release */ = {
			isa = XCBuildConfiguration;
			buildSettings = {
				ASSETCATALOG_COMPILER_APPICON_NAME = AppIcon;
				ASSETCATALOG_COMPILER_GLOBAL_ACCENT_COLOR_NAME = AccentColor;
				CODE_SIGN_ENTITLEMENTS = 2D_Game_Engine/_D_Game_Engine.entitlements;
				CODE_SIGN_STYLE = Automatic;
				COMBINE_HIDPI_IMAGES = YES;
				CURRENT_PROJECT_VERSION = 1;
				FRAMEWORK_SEARCH_PATHS = (
					"$(inherited)",
					"$(PROJECT_DIR)",
				);
				GENERATE_INFOPLIST_FILE = YES;
				INFOPLIST_KEY_NSHumanReadableCopyright = "";
				INFOPLIST_KEY_NSMainNibFile = MainMenu;
				INFOPLIST_KEY_NSPrincipalClass = NSApplication;
				LD_RUNPATH_SEARCH_PATHS = (
					"$(inherited)",
					"@executable_path/../Frameworks",
				);
				MARKETING_VERSION = 1.0;
				PRODUCT_BUNDLE_IDENTIFIER = "hunter.-D-Game-Engine";
				PRODUCT_NAME = "$(TARGET_NAME)";
				SWIFT_EMIT_LOC_STRINGS = YES;
			};
			name = Release;
		};
		4AB9BF462ABA83710083783A /* Debug */ = {
			isa = XCBuildConfiguration;
			buildSettings = {
				BUNDLE_LOADER = "$(TEST_HOST)";
				CODE_SIGN_STYLE = Automatic;
				CURRENT_PROJECT_VERSION = 1;
				GENERATE_INFOPLIST_FILE = YES;
				MACOSX_DEPLOYMENT_TARGET = 13.3;
				MARKETING_VERSION = 1.0;
				PRODUCT_BUNDLE_IDENTIFIER = "hunter.-D-Game-EngineTests";
				PRODUCT_NAME = "$(TARGET_NAME)";
				SWIFT_EMIT_LOC_STRINGS = NO;
				TEST_HOST = "$(BUILT_PRODUCTS_DIR)/2D_Game_Engine.app/$(BUNDLE_EXECUTABLE_FOLDER_PATH)/2D_Game_Engine";
			};
			name = Debug;
		};
		4AB9BF472ABA83710083783A /* Release */ = {
			isa = XCBuildConfiguration;
			buildSettings = {
				BUNDLE_LOADER = "$(TEST_HOST)";
				CODE_SIGN_STYLE = Automatic;
				CURRENT_PROJECT_VERSION = 1;
				GENERATE_INFOPLIST_FILE = YES;
				MACOSX_DEPLOYMENT_TARGET = 13.3;
				MARKETING_VERSION = 1.0;
				PRODUCT_BUNDLE_IDENTIFIER = "hunter.-D-Game-EngineTests";
				PRODUCT_NAME = "$(TARGET_NAME)";
				SWIFT_EMIT_LOC_STRINGS = NO;
				TEST_HOST = "$(BUILT_PRODUCTS_DIR)/2D_Game_Engine.app/$(BUNDLE_EXECUTABLE_FOLDER_PATH)/2D_Game_Engine";
			};
			name = Release;
		};
		4AB9BF492ABA83710083783A /* Debug */ = {
			isa = XCBuildConfiguration;
			buildSettings = {
				CODE_SIGN_STYLE = Automatic;
				CURRENT_PROJECT_VERSION = 1;
				GENERATE_INFOPLIST_FILE = YES;
				MARKETING_VERSION = 1.0;
				PRODUCT_BUNDLE_IDENTIFIER = "hunter.-D-Game-EngineUITests";
				PRODUCT_NAME = "$(TARGET_NAME)";
				SWIFT_EMIT_LOC_STRINGS = NO;
				TEST_TARGET_NAME = 2D_Game_Engine;
			};
			name = Debug;
		};
		4AB9BF4A2ABA83710083783A /* Release */ = {
			isa = XCBuildConfiguration;
			buildSettings = {
				CODE_SIGN_STYLE = Automatic;
				CURRENT_PROJECT_VERSION = 1;
				GENERATE_INFOPLIST_FILE = YES;
				MARKETING_VERSION = 1.0;
				PRODUCT_BUNDLE_IDENTIFIER = "hunter.-D-Game-EngineUITests";
				PRODUCT_NAME = "$(TARGET_NAME)";
				SWIFT_EMIT_LOC_STRINGS = NO;
				TEST_TARGET_NAME = 2D_Game_Engine;
			};
			name = Release;
		};
/* End XCBuildConfiguration section */

/* Begin XCConfigurationList section */
		4AB9BF172ABA836F0083783A /* Build configuration list for PBXProject "2D_Game_Engine" */ = {
			isa = XCConfigurationList;
			buildConfigurations = (
				4AB9BF402ABA83710083783A /* Debug */,
				4AB9BF412ABA83710083783A /* Release */,
			);
			defaultConfigurationIsVisible = 0;
			defaultConfigurationName = Release;
		};
		4AB9BF422ABA83710083783A /* Build configuration list for PBXNativeTarget "2D_Game_Engine" */ = {
			isa = XCConfigurationList;
			buildConfigurations = (
				4AB9BF432ABA83710083783A /* Debug */,
				4AB9BF442ABA83710083783A /* Release */,
			);
			defaultConfigurationIsVisible = 0;
			defaultConfigurationName = Release;
		};
		4AB9BF452ABA83710083783A /* Build configuration list for PBXNativeTarget "2D_Game_EngineTests" */ = {
			isa = XCConfigurationList;
			buildConfigurations = (
				4AB9BF462ABA83710083783A /* Debug */,
				4AB9BF472ABA83710083783A /* Release */,
			);
			defaultConfigurationIsVisible = 0;
			defaultConfigurationName = Release;
		};
		4AB9BF482ABA83710083783A /* Build configuration list for PBXNativeTarget "2D_Game_EngineUITests" */ = {
			isa = XCConfigurationList;
			buildConfigurations = (
				4AB9BF492ABA83710083783A /* Debug */,
				4AB9BF4A2ABA83710083783A /* Release */,
			);
			defaultConfigurationIsVisible = 0;
			defaultConfigurationName = Release;
		};
/* End XCConfigurationList section */
	};
	rootObject = 4AB9BF142ABA836F0083783A /* Project object */;
}
